
Microsoft Visual Studio Solution File, Format Version 12.00
# Visual Studio Version 17
VisualStudioVersion = 17.10.34928.147
MinimumVisualStudioVersion = 10.0.40219.1
Project("{FAE04EC0-301F-11D3-BF4B-00C04F79EFBC}") = "homeWorkPasswordProgramm", "homeWorkPasswordProgramm.csproj", "{F282916E-4FF1-407A-88CA-76C8D43CC5B3}"
EndProject
Global
	GlobalSection(SolutionConfigurationPlatforms) = preSolution
		Debug|Any CPU = Debug|Any CPU
		Release|Any CPU = Release|Any CPU
	EndGlobalSection
	GlobalSection(ProjectConfigurationPlatforms) = postSolution
		{F282916E-4FF1-407A-88CA-76C8D43CC5B3}.Debug|Any CPU.ActiveCfg = Debug|Any CPU
		{F282916E-4FF1-407A-88CA-76C8D43CC5B3}.Debug|Any CPU.Build.0 = Debug|Any CPU
		{F282916E-4FF1-407A-88CA-76C8D43CC5B3}.Release|Any CPU.ActiveCfg = Release|Any CPU
		{F282916E-4FF1-407A-88CA-76C8D43CC5B3}.Release|Any CPU.Build.0 = Release|Any CPU
	EndGlobalSection
	GlobalSection(SolutionProperties) = preSolution
		HideSolutionNode = FALSE
	EndGlobalSection
	GlobalSection(ExtensibilityGlobals) = postSolution
		SolutionGuid = {6F18156E-A80F-4132-BCD1-37EA8B804FE6}
	EndGlobalSection
EndGlobal
